// !$*UTF8*$!
{
	archiveVersion = 1;
	classes = {
	};
	objectVersion = 50;
	objects = {

/* Begin PBXBuildFile section */
		18878E3B26AC91AE003F3F2E /* ScoreView.swift in Sources */ = {isa = PBXBuildFile; fileRef = 18878E3A26AC91AE003F3F2E /* ScoreView.swift */; };
		18878E3D26AC947D003F3F2E /* GameChoiceView.swift in Sources */ = {isa = PBXBuildFile; fileRef = 18878E3C26AC947D003F3F2E /* GameChoiceView.swift */; };
		18D632D826A8F10C004DBFE1 /* RockPaperScissors_2App.swift in Sources */ = {isa = PBXBuildFile; fileRef = 18D632D726A8F10C004DBFE1 /* RockPaperScissors_2App.swift */; };
		18D632DA26A8F10C004DBFE1 /* ContentView.swift in Sources */ = {isa = PBXBuildFile; fileRef = 18D632D926A8F10C004DBFE1 /* ContentView.swift */; };
		18D632DC26A8F10D004DBFE1 /* Assets.xcassets in Resources */ = {isa = PBXBuildFile; fileRef = 18D632DB26A8F10D004DBFE1 /* Assets.xcassets */; };
		18D632DF26A8F10D004DBFE1 /* Preview Assets.xcassets in Resources */ = {isa = PBXBuildFile; fileRef = 18D632DE26A8F10D004DBFE1 /* Preview Assets.xcassets */; };
		18D632E726A8F292004DBFE1 /* GameMoveView.swift in Sources */ = {isa = PBXBuildFile; fileRef = 18D632E626A8F292004DBFE1 /* GameMoveView.swift */; };
/* End PBXBuildFile section */

/* Begin PBXFileReference section */
		18878E3A26AC91AE003F3F2E /* ScoreView.swift */ = {isa = PBXFileReference; lastKnownFileType = sourcecode.swift; path = ScoreView.swift; sourceTree = "<group>"; };
		18878E3C26AC947D003F3F2E /* GameChoiceView.swift */ = {isa = PBXFileReference; lastKnownFileType = sourcecode.swift; path = GameChoiceView.swift; sourceTree = "<group>"; };
		18D632D426A8F10C004DBFE1 /* RockPaperScissors-2.app */ = {isa = PBXFileReference; explicitFileType = wrapper.application; includeInIndex = 0; path = "RockPaperScissors-2.app"; sourceTree = BUILT_PRODUCTS_DIR; };
		18D632D726A8F10C004DBFE1 /* RockPaperScissors_2App.swift */ = {isa = PBXFileReference; lastKnownFileType = sourcecode.swift; path = RockPaperScissors_2App.swift; sourceTree = "<group>"; };
		18D632D926A8F10C004DBFE1 /* ContentView.swift */ = {isa = PBXFileReference; lastKnownFileType = sourcecode.swift; path = ContentView.swift; sourceTree = "<group>"; };
		18D632DB26A8F10D004DBFE1 /* Assets.xcassets */ = {isa = PBXFileReference; lastKnownFileType = folder.assetcatalog; path = Assets.xcassets; sourceTree = "<group>"; };
		18D632DE26A8F10D004DBFE1 /* Preview Assets.xcassets */ = {isa = PBXFileReference; lastKnownFileType = folder.assetcatalog; path = "Preview Assets.xcassets"; sourceTree = "<group>"; };
		18D632E026A8F10D004DBFE1 /* Info.plist */ = {isa = PBXFileReference; lastKnownFileType = text.plist.xml; path = Info.plist; sourceTree = "<group>"; };
		18D632E626A8F292004DBFE1 /* GameMoveView.swift */ = {isa = PBXFileReference; lastKnownFileType = sourcecode.swift; path = GameMoveView.swift; sourceTree = "<group>"; };
/* End PBXFileReference section */

/* Begin PBXFrameworksBuildPhase section */
		18D632D126A8F10C004DBFE1 /* Frameworks */ = {
			isa = PBXFrameworksBuildPhase;
			buildActionMask = 2147483647;
			files = (
			);
			runOnlyForDeploymentPostprocessing = 0;
		};
/* End PBXFrameworksBuildPhase section */

/* Begin PBXGroup section */
		18D632CB26A8F10C004DBFE1 = {
			isa = PBXGroup;
			children = (
				18D632D626A8F10C004DBFE1 /* RockPaperScissors-2 */,
				18D632D526A8F10C004DBFE1 /* Products */,
			);
			sourceTree = "<group>";
		};
		18D632D526A8F10C004DBFE1 /* Products */ = {
			isa = PBXGroup;
			children = (
				18D632D426A8F10C004DBFE1 /* RockPaperScissors-2.app */,
			);
			name = Products;
			sourceTree = "<group>";
		};
		18D632D626A8F10C004DBFE1 /* RockPaperScissors-2 */ = {
			isa = PBXGroup;
			children = (
				18D632D726A8F10C004DBFE1 /* RockPaperScissors_2App.swift */,
				18D632D926A8F10C004DBFE1 /* ContentView.swift */,
				18878E3C26AC947D003F3F2E /* GameChoiceView.swift */,
				18D632E626A8F292004DBFE1 /* GameMoveView.swift */,
				18878E3A26AC91AE003F3F2E /* ScoreView.swift */,
				18D632DB26A8F10D004DBFE1 /* Assets.xcassets */,
				18D632E026A8F10D004DBFE1 /* Info.plist */,
				18D632DD26A8F10D004DBFE1 /* Preview Content */,
			);
			path = "RockPaperScissors-2";
			sourceTree = "<group>";
		};
		18D632DD26A8F10D004DBFE1 /* Preview Content */ = {
			isa = PBXGroup;
			children = (
				18D632DE26A8F10D004DBFE1 /* Preview Assets.xcassets */,
			);
			path = "Preview Content";
			sourceTree = "<group>";
		};
/* End PBXGroup section */

/* Begin PBXNativeTarget section */
		18D632D326A8F10C004DBFE1 /* RockPaperScissors-2 */ = {
			isa = PBXNativeTarget;
			buildConfigurationList = 18D632E326A8F10D004DBFE1 /* Build configuration list for PBXNativeTarget "RockPaperScissors-2" */;
			buildPhases = (
				18D632D026A8F10C004DBFE1 /* Sources */,
				18D632D126A8F10C004DBFE1 /* Frameworks */,
				18D632D226A8F10C004DBFE1 /* Resources */,
			);
			buildRules = (
			);
			dependencies = (
			);
			name = "RockPaperScissors-2";
			productName = "RockPaperScissors-2";
			productReference = 18D632D426A8F10C004DBFE1 /* RockPaperScissors-2.app */;
			productType = "com.apple.product-type.application";
		};
/* End PBXNativeTarget section */

/* Begin PBXProject section */
		18D632CC26A8F10C004DBFE1 /* Project object */ = {
			isa = PBXProject;
			attributes = {
				LastSwiftUpdateCheck = 1250;
				LastUpgradeCheck = 1250;
				TargetAttributes = {
					18D632D326A8F10C004DBFE1 = {
						CreatedOnToolsVersion = 12.5.1;
					};
				};
			};
			buildConfigurationList = 18D632CF26A8F10C004DBFE1 /* Build configuration list for PBXProject "RockPaperScissors-2" */;
			compatibilityVersion = "Xcode 9.3";
			developmentRegion = en;
			hasScannedForEncodings = 0;
			knownRegions = (
				en,
				Base,
			);
			mainGroup = 18D632CB26A8F10C004DBFE1;
			productRefGroup = 18D632D526A8F10C004DBFE1 /* Products */;
			projectDirPath = "";
			projectRoot = "";
			targets = (
				18D632D326A8F10C004DBFE1 /* RockPaperScissors-2 */,
			);
		};
/* End PBXProject section */

/* Begin PBXResourcesBuildPhase section */
		18D632D226A8F10C004DBFE1 /* Resources */ = {
			isa = PBXResourcesBuildPhase;
			buildActionMask = 2147483647;
			files = (
				18D632DF26A8F10D004DBFE1 /* Preview Assets.xcassets in Resources */,
				18D632DC26A8F10D004DBFE1 /* Assets.xcassets in Resources */,
			);
			runOnlyForDeploymentPostprocessing = 0;
		};
/* End PBXResourcesBuildPhase section */

/* Begin PBXSourcesBuildPhase section */
		18D632D026A8F10C004DBFE1 /* Sources */ = {
			isa = PBXSourcesBuildPhase;
			buildActionMask = 2147483647;
			files = (
				18D632E726A8F292004DBFE1 /* GameMoveView.swift in Sources */,
				18878E3B26AC91AE003F3F2E /* ScoreView.swift in Sources */,
				18D632DA26A8F10C004DBFE1 /* ContentView.swift in Sources */,
				18D632D826A8F10C004DBFE1 /* RockPaperScissors_2App.swift in Sources */,
				18878E3D26AC947D003F3F2E /* GameChoiceView.swift in Sources */,
			);
			runOnlyForDeploymentPostprocessing = 0;
		};
/* End PBXSourcesBuildPhase section */

/* Begin XCBuildConfiguration section */
		18D632E126A8F10D004DBFE1 /* Debug */ = {
			isa = XCBuildConfiguration;
			buildSettings = {
				ALWAYS_SEARCH_USER_PATHS = NO;
				CLANG_ANALYZER_NONNULL = YES;
				CLANG_ANALYZER_NUMBER_OBJECT_CONVERSION = YES_AGGRESSIVE;
				CLANG_CXX_LANGUAGE_STANDARD = "gnu++14";
				CLANG_CXX_LIBRARY = "libc++";
				CLANG_ENABLE_MODULES = YES;
				CLANG_ENABLE_OBJC_ARC = YES;
				CLANG_ENABLE_OBJC_WEAK = YES;
				CLANG_WARN_BLOCK_CAPTURE_AUTORELEASING = YES;
				CLANG_WARN_BOOL_CONVERSION = YES;
				CLANG_WARN_COMMA = YES;
				CLANG_WARN_CONSTANT_CONVERSION = YES;
				CLANG_WARN_DEPRECATED_OBJC_IMPLEMENTATIONS = YES;
				CLANG_WARN_DIRECT_OBJC_ISA_USAGE = YES_ERROR;
				CLANG_WARN_DOCUMENTATION_COMMENTS = YES;
				CLANG_WARN_EMPTY_BODY = YES;
				CLANG_WARN_ENUM_CONVERSION = YES;
				CLANG_WARN_INFINITE_RECURSION = YES;
				CLANG_WARN_INT_CONVERSION = YES;
				CLANG_WARN_NON_LITERAL_NULL_CONVERSION = YES;
				CLANG_WARN_OBJC_IMPLICIT_RETAIN_SELF = YES;
				CLANG_WARN_OBJC_LITERAL_CONVERSION = YES;
				CLANG_WARN_OBJC_ROOT_CLASS = YES_ERROR;
				CLANG_WARN_QUOTED_INCLUDE_IN_FRAMEWORK_HEADER = YES;
				CLANG_WARN_RANGE_LOOP_ANALYSIS = YES;
				CLANG_WARN_STRICT_PROTOTYPES = YES;
				CLANG_WARN_SUSPICIOUS_MOVE = YES;
				CLANG_WARN_UNGUARDED_AVAILABILITY = YES_AGGRESSIVE;
				CLANG_WARN_UNREACHABLE_CODE = YES;
				CLANG_WARN__DUPLICATE_METHOD_MATCH = YES;
				COPY_PHASE_STRIP = NO;
				DEBUG_INFORMATION_FORMAT = dwarf;
				ENABLE_STRICT_OBJC_MSGSEND = YES;
				ENABLE_TESTABILITY = YES;
				GCC_C_LANGUAGE_STANDARD = gnu11;
				GCC_DYNAMIC_NO_PIC = NO;
				GCC_NO_COMMON_BLOCKS = YES;
				GCC_OPTIMIZATION_LEVEL = 0;
				GCC_PREPROCESSOR_DEFINITIONS = (
					"DEBUG=1",
					"$(inherited)",
				);
				GCC_WARN_64_TO_32_BIT_CONVERSION = YES;
				GCC_WARN_ABOUT_RETURN_TYPE = YES_ERROR;
				GCC_WARN_UNDECLARED_SELECTOR = YES;
				GCC_WARN_UNINITIALIZED_AUTOS = YES_AGGRESSIVE;
				GCC_WARN_UNUSED_FUNCTION = YES;
				GCC_WARN_UNUSED_VARIABLE = YES;
				IPHONEOS_DEPLOYMENT_TARGET = 14.5;
				MTL_ENABLE_DEBUG_INFO = INCLUDE_SOURCE;
				MTL_FAST_MATH = YES;
				ONLY_ACTIVE_ARCH = YES;
				SDKROOT = iphoneos;
				SWIFT_ACTIVE_COMPILATION_CONDITIONS = DEBUG;
				SWIFT_OPTIMIZATION_LEVEL = "-Onone";
			};
			name = Debug;
		};
		18D632E226A8F10D004DBFE1 /* Release */ = {
			isa = XCBuildConfiguration;
			buildSettings = {
				ALWAYS_SEARCH_USER_PATHS = NO;
				CLANG_ANALYZER_NONNULL = YES;
				CLANG_ANALYZER_NUMBER_OBJECT_CONVERSION = YES_AGGRESSIVE;
				CLANG_CXX_LANGUAGE_STANDARD = "gnu++14";
				CLANG_CXX_LIBRARY = "libc++";
				CLANG_ENABLE_MODULES = YES;
				CLANG_ENABLE_OBJC_ARC = YES;
				CLANG_ENABLE_OBJC_WEAK = YES;
				CLANG_WARN_BLOCK_CAPTURE_AUTORELEASING = YES;
				CLANG_WARN_BOOL_CONVERSION = YES;
				CLANG_WARN_COMMA = YES;
				CLANG_WARN_CONSTANT_CONVERSION = YES;
				CLANG_WARN_DEPRECATED_OBJC_IMPLEMENTATIONS = YES;
				CLANG_WARN_DIRECT_OBJC_ISA_USAGE = YES_ERROR;
				CLANG_WARN_DOCUMENTATION_COMMENTS = YES;
				CLANG_WARN_EMPTY_BODY = YES;
				CLANG_WARN_ENUM_CONVERSION = YES;
				CLANG_WARN_INFINITE_RECURSION = YES;
				CLANG_WARN_INT_CONVERSION = YES;
				CLANG_WARN_NON_LITERAL_NULL_CONVERSION = YES;
				CLANG_WARN_OBJC_IMPLICIT_RETAIN_SELF = YES;
				CLANG_WARN_OBJC_LITERAL_CONVERSION = YES;
				CLANG_WARN_OBJC_ROOT_CLASS = YES_ERROR;
				CLANG_WARN_QUOTED_INCLUDE_IN_FRAMEWORK_HEADER = YES;
				CLANG_WARN_RANGE_LOOP_ANALYSIS = YES;
				CLANG_WARN_STRICT_PROTOTYPES = YES;
				CLANG_WARN_SUSPICIOUS_MOVE = YES;
				CLANG_WARN_UNGUARDED_AVAILABILITY = YES_AGGRESSIVE;
				CLANG_WARN_UNREACHABLE_CODE = YES;
				CLANG_WARN__DUPLICATE_METHOD_MATCH = YES;
				COPY_PHASE_STRIP = NO;
				DEBUG_INFORMATION_FORMAT = "dwarf-with-dsym";
				ENABLE_NS_ASSERTIONS = NO;
				ENABLE_STRICT_OBJC_MSGSEND = YES;
				GCC_C_LANGUAGE_STANDARD = gnu11;
				GCC_NO_COMMON_BLOCKS = YES;
				GCC_WARN_64_TO_32_BIT_CONVERSION = YES;
				GCC_WARN_ABOUT_RETURN_TYPE = YES_ERROR;
				GCC_WARN_UNDECLARED_SELECTOR = YES;
				GCC_WARN_UNINITIALIZED_AUTOS = YES_AGGRESSIVE;
				GCC_WARN_UNUSED_FUNCTION = YES;
				GCC_WARN_UNUSED_VARIABLE = YES;
				IPHONEOS_DEPLOYMENT_TARGET = 14.5;
				MTL_ENABLE_DEBUG_INFO = NO;
				MTL_FAST_MATH = YES;
				SDKROOT = iphoneos;
				SWIFT_COMPILATION_MODE = wholemodule;
				SWIFT_OPTIMIZATION_LEVEL = "-O";
				VALIDATE_PRODUCT = YES;
			};
			name = Release;
		};
		18D632E426A8F10D004DBFE1 /* Debug */ = {
			isa = XCBuildConfiguration;
			buildSettings = {
				ASSETCATALOG_COMPILER_APPICON_NAME = AppIcon;
				ASSETCATALOG_COMPILER_GLOBAL_ACCENT_COLOR_NAME = AccentColor;
				CODE_SIGN_STYLE = Automatic;
				DEVELOPMENT_ASSET_PATHS = "\"RockPaperScissors-2/Preview Content\"";
				ENABLE_PREVIEWS = YES;
				INFOPLIST_FILE = "RockPaperScissors-2/Info.plist";
				IPHONEOS_DEPLOYMENT_TARGET = 14.0;
				LD_RUNPATH_SEARCH_PATHS = (
					"$(inherited)",
					"@executable_path/Frameworks",
				);
				PRODUCT_BUNDLE_IDENTIFIER = "com.BrittanyRima.RockPaperScissors-2";
				PRODUCT_NAME = "$(TARGET_NAME)";
				SWIFT_VERSION = 5.0;
				TARGETED_DEVICE_FAMILY = "1,2";
			};
			name = Debug;
		};
		18D632E526A8F10D004DBFE1 /* Release */ = {
			isa = XCBuildConfiguration;
			buildSettings = {
				ASSETCATALOG_COMPILER_APPICON_NAME = AppIcon;
				ASSETCATALOG_COMPILER_GLOBAL_ACCENT_COLOR_NAME = AccentColor;
				CODE_SIGN_STYLE = Automatic;
				DEVELOPMENT_ASSET_PATHS = "\"RockPaperScissors-2/Preview Content\"";
				ENABLE_PREVIEWS = YES;
				INFOPLIST_FILE = "RockPaperScissors-2/Info.plist";
				IPHONEOS_DEPLOYMENT_TARGET = 14.0;
				LD_RUNPATH_SEARCH_PATHS = (
					"$(inherited)",
					"@executable_path/Frameworks",
				);
				PRODUCT_BUNDLE_IDENTIFIER = "com.BrittanyRima.RockPaperScissors-2";
				PRODUCT_NAME = "$(TARGET_NAME)";
				SWIFT_VERSION = 5.0;
				TARGETED_DEVICE_FAMILY = "1,2";
			};
			name = Release;
		};
/* End XCBuildConfiguration section */

/* Begin XCConfigurationList section */
		18D632CF26A8F10C004DBFE1 /* Build configuration list for PBXProject "RockPaperScissors-2" */ = {
			isa = XCConfigurationList;
			buildConfigurations = (
				18D632E126A8F10D004DBFE1 /* Debug */,
				18D632E226A8F10D004DBFE1 /* Release */,
			);
			defaultConfigurationIsVisible = 0;
			defaultConfigurationName = Release;
		};
		18D632E326A8F10D004DBFE1 /* Build configuration list for PBXNativeTarget "RockPaperScissors-2" */ = {
			isa = XCConfigurationList;
			buildConfigurations = (
				18D632E426A8F10D004DBFE1 /* Debug */,
				18D632E526A8F10D004DBFE1 /* Release */,
			);
			defaultConfigurationIsVisible = 0;
			defaultConfigurationName = Release;
		};
/* End XCConfigurationList section */
	};
	rootObject = 18D632CC26A8F10C004DBFE1 /* Project object */;
}
